
Microsoft Visual Studio Solution File, Format Version 12.00
# Visual Studio Version 17
VisualStudioVersion = 17.1.32421.90
MinimumVisualStudioVersion = 10.0.40219.1
Project("{FAE04EC0-301F-11D3-BF4B-00C04F79EFBC}") = "Jatekprojekt", "Jatekprojekt\Jatekprojekt.csproj", "{A6E0113A-EF18-4EDC-9F2B-8FC19BCD7562}"
EndProject
Global
	GlobalSection(SolutionConfigurationPlatforms) = preSolution
		Debug|Any CPU = Debug|Any CPU
		Release|Any CPU = Release|Any CPU
	EndGlobalSection
	GlobalSection(ProjectConfigurationPlatforms) = postSolution
		{A6E0113A-EF18-4EDC-9F2B-8FC19BCD7562}.Debug|Any CPU.ActiveCfg = Debug|Any CPU
		{A6E0113A-EF18-4EDC-9F2B-8FC19BCD7562}.Debug|Any CPU.Build.0 = Debug|Any CPU
		{A6E0113A-EF18-4EDC-9F2B-8FC19BCD7562}.Release|Any CPU.ActiveCfg = Release|Any CPU
		{A6E0113A-EF18-4EDC-9F2B-8FC19BCD7562}.Release|Any CPU.Build.0 = Release|Any CPU
	EndGlobalSection
	GlobalSection(SolutionProperties) = preSolution
		HideSolutionNode = FALSE
	EndGlobalSection
	GlobalSection(ExtensibilityGlobals) = postSolution
		SolutionGuid = {0F98859B-9C8C-4034-8AAA-D9D9AACB4D14}
	EndGlobalSection
EndGlobal
